
Microsoft Visual Studio Solution File, Format Version 12.00
# Visual Studio Version 16
VisualStudioVersion = 16.0.33927.289
MinimumVisualStudioVersion = 10.0.40219.1
Project("{2150E333-8FDC-42A3-9474-1A3956D46DE8}") = "Task0", "Task0", "{459B2ABF-48D0-46D1-AF35-5EA23FBBC93C}"
EndProject
Project("{FAE04EC0-301F-11D3-BF4B-00C04F79EFBC}") = "Tyuiu.ChalkovaE.M.Sprint6.Task0.V8.Lib", "Tyuiu.ChalkovaE.M.Sprint6.Task0.V8.Lib\Tyuiu.ChalkovaE.M.Sprint6.Task0.V8.Lib.csproj", "{A57AEC77-040F-4F1A-BA30-90105D7A7EDA}"
EndProject
Project("{FAE04EC0-301F-11D3-BF4B-00C04F79EFBC}") = "Tyuiu.ChalkovaE.M.Sprint6.Task0.V8.Test", "Tyuiu.ChalkovaE.M.Sprint6.Task0.V8.Test\Tyuiu.ChalkovaE.M.Sprint6.Task0.V8.Test.csproj", "{69D7A000-AF23-4A24-A4A2-C0675BD61007}"
EndProject
Project("{FAE04EC0-301F-11D3-BF4B-00C04F79EFBC}") = "Tyuiu.ChalkovaE.M.Sprint6.Task0.V8", "Tyuiu.ChalkovaE.M.Sprint6.Task0.V8\Tyuiu.ChalkovaE.M.Sprint6.Task0.V8.csproj", "{6E010997-8796-4A98-85CE-78B0F76459D9}"
EndProject
Project("{2150E333-8FDC-42A3-9474-1A3956D46DE8}") = "Task1", "Task1", "{8C75DF47-C4B9-457A-A920-01BEF9205471}"
EndProject
Project("{FAE04EC0-301F-11D3-BF4B-00C04F79EFBC}") = "Tyuiu.ChalkovaE.M.Sprint6.Task1.V3.Lib", "Tyuiu.ChalkovaE.M.Sprint6.Task1.V3.Lib\Tyuiu.ChalkovaE.M.Sprint6.Task1.V3.Lib.csproj", "{AB4AA897-EE05-428E-8215-00C8BD915DFF}"
EndProject
Project("{FAE04EC0-301F-11D3-BF4B-00C04F79EFBC}") = "Tyuiu.ChalkovaE.M.Sprint6.Task1.V3.Test", "Tyuiu.ChalkovaE.M.Sprint6.Task1.V3.Test\Tyuiu.ChalkovaE.M.Sprint6.Task1.V3.Test.csproj", "{B6909839-98D9-4989-8B88-86F327D50734}"
EndProject
Project("{FAE04EC0-301F-11D3-BF4B-00C04F79EFBC}") = "Tyuiu.ChalkovaE.M.Sprint6.Task1.V3", "Tyuiu.ChalkovaE.M.Sprint6.Task1.V3\Tyuiu.ChalkovaE.M.Sprint6.Task1.V3.csproj", "{9D329836-DE5F-4191-BB87-F0803F50CF47}"
EndProject
Global
	GlobalSection(SolutionConfigurationPlatforms) = preSolution
		Debug|Any CPU = Debug|Any CPU
		Release|Any CPU = Release|Any CPU
	EndGlobalSection
	GlobalSection(ProjectConfigurationPlatforms) = postSolution
		{A57AEC77-040F-4F1A-BA30-90105D7A7EDA}.Debug|Any CPU.ActiveCfg = Debug|Any CPU
		{A57AEC77-040F-4F1A-BA30-90105D7A7EDA}.Debug|Any CPU.Build.0 = Debug|Any CPU
		{A57AEC77-040F-4F1A-BA30-90105D7A7EDA}.Release|Any CPU.ActiveCfg = Release|Any CPU
		{A57AEC77-040F-4F1A-BA30-90105D7A7EDA}.Release|Any CPU.Build.0 = Release|Any CPU
		{69D7A000-AF23-4A24-A4A2-C0675BD61007}.Debug|Any CPU.ActiveCfg = Debug|Any CPU
		{69D7A000-AF23-4A24-A4A2-C0675BD61007}.Debug|Any CPU.Build.0 = Debug|Any CPU
		{69D7A000-AF23-4A24-A4A2-C0675BD61007}.Release|Any CPU.ActiveCfg = Release|Any CPU
		{69D7A000-AF23-4A24-A4A2-C0675BD61007}.Release|Any CPU.Build.0 = Release|Any CPU
		{6E010997-8796-4A98-85CE-78B0F76459D9}.Debug|Any CPU.ActiveCfg = Debug|Any CPU
		{6E010997-8796-4A98-85CE-78B0F76459D9}.Debug|Any CPU.Build.0 = Debug|Any CPU
		{6E010997-8796-4A98-85CE-78B0F76459D9}.Release|Any CPU.ActiveCfg = Release|Any CPU
		{6E010997-8796-4A98-85CE-78B0F76459D9}.Release|Any CPU.Build.0 = Release|Any CPU
		{AB4AA897-EE05-428E-8215-00C8BD915DFF}.Debug|Any CPU.ActiveCfg = Debug|Any CPU
		{AB4AA897-EE05-428E-8215-00C8BD915DFF}.Debug|Any CPU.Build.0 = Debug|Any CPU
		{AB4AA897-EE05-428E-8215-00C8BD915DFF}.Release|Any CPU.ActiveCfg = Release|Any CPU
		{AB4AA897-EE05-428E-8215-00C8BD915DFF}.Release|Any CPU.Build.0 = Release|Any CPU
		{B6909839-98D9-4989-8B88-86F327D50734}.Debug|Any CPU.ActiveCfg = Debug|Any CPU
		{B6909839-98D9-4989-8B88-86F327D50734}.Debug|Any CPU.Build.0 = Debug|Any CPU
		{B6909839-98D9-4989-8B88-86F327D50734}.Release|Any CPU.ActiveCfg = Release|Any CPU
		{B6909839-98D9-4989-8B88-86F327D50734}.Release|Any CPU.Build.0 = Release|Any CPU
		{9D329836-DE5F-4191-BB87-F0803F50CF47}.Debug|Any CPU.ActiveCfg = Debug|Any CPU
		{9D329836-DE5F-4191-BB87-F0803F50CF47}.Debug|Any CPU.Build.0 = Debug|Any CPU
		{9D329836-DE5F-4191-BB87-F0803F50CF47}.Release|Any CPU.ActiveCfg = Release|Any CPU
		{9D329836-DE5F-4191-BB87-F0803F50CF47}.Release|Any CPU.Build.0 = Release|Any CPU
	EndGlobalSection
	GlobalSection(SolutionProperties) = preSolution
		HideSolutionNode = FALSE
	EndGlobalSection
	GlobalSection(NestedProjects) = preSolution
		{A57AEC77-040F-4F1A-BA30-90105D7A7EDA} = {459B2ABF-48D0-46D1-AF35-5EA23FBBC93C}
		{69D7A000-AF23-4A24-A4A2-C0675BD61007} = {459B2ABF-48D0-46D1-AF35-5EA23FBBC93C}
		{6E010997-8796-4A98-85CE-78B0F76459D9} = {459B2ABF-48D0-46D1-AF35-5EA23FBBC93C}
		{AB4AA897-EE05-428E-8215-00C8BD915DFF} = {8C75DF47-C4B9-457A-A920-01BEF9205471}
		{B6909839-98D9-4989-8B88-86F327D50734} = {8C75DF47-C4B9-457A-A920-01BEF9205471}
		{9D329836-DE5F-4191-BB87-F0803F50CF47} = {8C75DF47-C4B9-457A-A920-01BEF9205471}
	EndGlobalSection
	GlobalSection(ExtensibilityGlobals) = postSolution
		SolutionGuid = {04F72D3D-C32C-4BE8-A970-047FFBBDE029}
	EndGlobalSection
EndGlobal
