
Microsoft Visual Studio Solution File, Format Version 12.00
# Visual Studio Version 16
VisualStudioVersion = 16.0.33927.289
MinimumVisualStudioVersion = 10.0.40219.1
Project("{2150E333-8FDC-42A3-9474-1A3956D46DE8}") = "Task0", "Task0", "{459B2ABF-48D0-46D1-AF35-5EA23FBBC93C}"
EndProject
Project("{FAE04EC0-301F-11D3-BF4B-00C04F79EFBC}") = "Tyuiu.ChalkovaE.M.Sprint6.Task0.V8.Lib", "Tyuiu.ChalkovaE.M.Sprint6.Task0.V8.Lib\Tyuiu.ChalkovaE.M.Sprint6.Task0.V8.Lib.csproj", "{A57AEC77-040F-4F1A-BA30-90105D7A7EDA}"
EndProject
Project("{FAE04EC0-301F-11D3-BF4B-00C04F79EFBC}") = "Tyuiu.ChalkovaE.M.Sprint6.Task0.V8.Test", "Tyuiu.ChalkovaE.M.Sprint6.Task0.V8.Test\Tyuiu.ChalkovaE.M.Sprint6.Task0.V8.Test.csproj", "{69D7A000-AF23-4A24-A4A2-C0675BD61007}"
EndProject
Project("{FAE04EC0-301F-11D3-BF4B-00C04F79EFBC}") = "Tyuiu.ChalkovaE.M.Sprint6.Task0.V8", "Tyuiu.ChalkovaE.M.Sprint6.Task0.V8\Tyuiu.ChalkovaE.M.Sprint6.Task0.V8.csproj", "{6E010997-8796-4A98-85CE-78B0F76459D9}"
EndProject
Project("{2150E333-8FDC-42A3-9474-1A3956D46DE8}") = "Task1", "Task1", "{8C75DF47-C4B9-457A-A920-01BEF9205471}"
EndProject
Project("{FAE04EC0-301F-11D3-BF4B-00C04F79EFBC}") = "Tyuiu.ChalkovaE.M.Sprint6.Task1.V3.Lib", "Tyuiu.ChalkovaE.M.Sprint6.Task1.V3.Lib\Tyuiu.ChalkovaE.M.Sprint6.Task1.V3.Lib.csproj", "{AB4AA897-EE05-428E-8215-00C8BD915DFF}"
EndProject
Project("{FAE04EC0-301F-11D3-BF4B-00C04F79EFBC}") = "Tyuiu.ChalkovaE.M.Sprint6.Task1.V3.Test", "Tyuiu.ChalkovaE.M.Sprint6.Task1.V3.Test\Tyuiu.ChalkovaE.M.Sprint6.Task1.V3.Test.csproj", "{B6909839-98D9-4989-8B88-86F327D50734}"
EndProject
Project("{FAE04EC0-301F-11D3-BF4B-00C04F79EFBC}") = "Tyuiu.ChalkovaE.M.Sprint6.Task1.V3", "Tyuiu.ChalkovaE.M.Sprint6.Task1.V3\Tyuiu.ChalkovaE.M.Sprint6.Task1.V3.csproj", "{9D329836-DE5F-4191-BB87-F0803F50CF47}"
EndProject
Project("{2150E333-8FDC-42A3-9474-1A3956D46DE8}") = "Task2", "Task2", "{39C8D0CC-88C3-49D0-B9E9-FA09103D1D83}"
EndProject
Project("{FAE04EC0-301F-11D3-BF4B-00C04F79EFBC}") = "Tyuiu.ChalkovaE.M.Sprint6.Task2.V14.Lib", "Tyuiu.ChalkovaE.M.Sprint6.Task2.V14.Lib\Tyuiu.ChalkovaE.M.Sprint6.Task2.V14.Lib.csproj", "{D7B8A2C0-7C03-49C3-8E05-57791DA8D9E2}"
EndProject
Project("{FAE04EC0-301F-11D3-BF4B-00C04F79EFBC}") = "Tyuiu.ChalkovaE.M.Sprint6.Task2.V14.Test", "Tyuiu.ChalkovaE.M.Sprint6.Task2.V14.Test\Tyuiu.ChalkovaE.M.Sprint6.Task2.V14.Test.csproj", "{FB854756-1B16-4561-B07D-09E905268D5C}"
EndProject
Project("{FAE04EC0-301F-11D3-BF4B-00C04F79EFBC}") = "Tyuiu.ChalkovaE.M.Sprint6.Task2.V14", "Tyuiu.ChalkovaE.M.Sprint6.Task2.V14\Tyuiu.ChalkovaE.M.Sprint6.Task2.V14.csproj", "{CF6AF25A-E3F6-4B06-8C93-2A15E6B29B38}"
EndProject
Project("{2150E333-8FDC-42A3-9474-1A3956D46DE8}") = "Task3", "Task3", "{85F46EED-DF2D-467E-B889-449402990164}"
EndProject
Project("{FAE04EC0-301F-11D3-BF4B-00C04F79EFBC}") = "Tyuiu.ChalkovaE.M.Sprint6.Task3.V21.Lib", "Tyuiu.ChalkovaE.M.Sprint6.Task3.V21.Lib\Tyuiu.ChalkovaE.M.Sprint6.Task3.V21.Lib.csproj", "{D441F3D1-789C-45E6-99AE-0B8305426284}"
EndProject
Project("{FAE04EC0-301F-11D3-BF4B-00C04F79EFBC}") = "Tyuiu.ChalkovaE.M.Sprint6.Task3.V21.Test", "Tyuiu.ChalkovaE.M.Sprint6.Task3.V21.Test\Tyuiu.ChalkovaE.M.Sprint6.Task3.V21.Test.csproj", "{70488BB4-3EF9-4107-8B3F-3F57814FB395}"
EndProject
Project("{FAE04EC0-301F-11D3-BF4B-00C04F79EFBC}") = "Tyuiu.ChalkovaE.M.Sprint6.Task3.V21", "Tyuiu.ChalkovaE.M.Sprint6.Task3.V21\Tyuiu.ChalkovaE.M.Sprint6.Task3.V21.csproj", "{3EED7294-F055-47B1-B6F6-E8F7F388270C}"
EndProject
Project("{2150E333-8FDC-42A3-9474-1A3956D46DE8}") = "Task4", "Task4", "{E541DA92-776A-40AF-8091-150464A34B96}"
EndProject
Project("{FAE04EC0-301F-11D3-BF4B-00C04F79EFBC}") = "Tyuiu.ChalkovaE.M.Sprint6.Task4.V28.Lib", "Tyuiu.ChalkovaE.M.Sprint6.Task4.V28.Lib\Tyuiu.ChalkovaE.M.Sprint6.Task4.V28.Lib.csproj", "{8F662062-3B24-4527-9EBF-3B80D52BCA5E}"
EndProject
Project("{FAE04EC0-301F-11D3-BF4B-00C04F79EFBC}") = "Tyuiu.ChalkovaE.M.Sprint6.Task4.V28.Test", "Tyuiu.ChalkovaE.M.Sprint6.Task4.V28.Test\Tyuiu.ChalkovaE.M.Sprint6.Task4.V28.Test.csproj", "{FF2347F0-0403-4ABB-9C68-F2B05D16B546}"
EndProject
Project("{FAE04EC0-301F-11D3-BF4B-00C04F79EFBC}") = "Tyuiu.ChalkovaE.M.Sprint6.Task4.V28", "Tyuiu.ChalkovaE.M.Sprint6.Task4.V28\Tyuiu.ChalkovaE.M.Sprint6.Task4.V28.csproj", "{42F62591-92FD-4182-86C2-7FC4BDE0D7A6}"
EndProject
Project("{2150E333-8FDC-42A3-9474-1A3956D46DE8}") = "Task5", "Task5", "{AEB3BCE5-F3C3-4D49-9952-6ADA0BAAD395}"
EndProject
Project("{FAE04EC0-301F-11D3-BF4B-00C04F79EFBC}") = "Tyuiu.ChalkovaE.M.Sprint6.Task5.V6.Lib", "Tyuiu.ChalkovaE.M.Sprint6.Task5.V6.Lib\Tyuiu.ChalkovaE.M.Sprint6.Task5.V6.Lib.csproj", "{0B7ED9C9-E597-4644-8C59-4A84CA5F4B92}"
EndProject
Project("{FAE04EC0-301F-11D3-BF4B-00C04F79EFBC}") = "Tyuiu.ChalkovaE.M.Sprint6.Task5.V6.Test", "Tyuiu.ChalkovaE.M.Sprint6.Task5.V6.Test\Tyuiu.ChalkovaE.M.Sprint6.Task5.V6.Test.csproj", "{719672B8-4537-4E7A-BD5F-BC4E6E4C18B4}"
EndProject
Project("{FAE04EC0-301F-11D3-BF4B-00C04F79EFBC}") = "Tyuiu.ChalkovaE.M.Sprint6.Task5.V6", "Tyuiu.ChalkovaE.M.Sprint6.Task5.V6\Tyuiu.ChalkovaE.M.Sprint6.Task5.V6.csproj", "{CFFCB1EA-3F0B-4ADE-B79E-3E955455DB4C}"
EndProject
Global
	GlobalSection(SolutionConfigurationPlatforms) = preSolution
		Debug|Any CPU = Debug|Any CPU
		Release|Any CPU = Release|Any CPU
	EndGlobalSection
	GlobalSection(ProjectConfigurationPlatforms) = postSolution
		{A57AEC77-040F-4F1A-BA30-90105D7A7EDA}.Debug|Any CPU.ActiveCfg = Debug|Any CPU
		{A57AEC77-040F-4F1A-BA30-90105D7A7EDA}.Debug|Any CPU.Build.0 = Debug|Any CPU
		{A57AEC77-040F-4F1A-BA30-90105D7A7EDA}.Release|Any CPU.ActiveCfg = Release|Any CPU
		{A57AEC77-040F-4F1A-BA30-90105D7A7EDA}.Release|Any CPU.Build.0 = Release|Any CPU
		{69D7A000-AF23-4A24-A4A2-C0675BD61007}.Debug|Any CPU.ActiveCfg = Debug|Any CPU
		{69D7A000-AF23-4A24-A4A2-C0675BD61007}.Debug|Any CPU.Build.0 = Debug|Any CPU
		{69D7A000-AF23-4A24-A4A2-C0675BD61007}.Release|Any CPU.ActiveCfg = Release|Any CPU
		{69D7A000-AF23-4A24-A4A2-C0675BD61007}.Release|Any CPU.Build.0 = Release|Any CPU
		{6E010997-8796-4A98-85CE-78B0F76459D9}.Debug|Any CPU.ActiveCfg = Debug|Any CPU
		{6E010997-8796-4A98-85CE-78B0F76459D9}.Debug|Any CPU.Build.0 = Debug|Any CPU
		{6E010997-8796-4A98-85CE-78B0F76459D9}.Release|Any CPU.ActiveCfg = Release|Any CPU
		{6E010997-8796-4A98-85CE-78B0F76459D9}.Release|Any CPU.Build.0 = Release|Any CPU
		{AB4AA897-EE05-428E-8215-00C8BD915DFF}.Debug|Any CPU.ActiveCfg = Debug|Any CPU
		{AB4AA897-EE05-428E-8215-00C8BD915DFF}.Debug|Any CPU.Build.0 = Debug|Any CPU
		{AB4AA897-EE05-428E-8215-00C8BD915DFF}.Release|Any CPU.ActiveCfg = Release|Any CPU
		{AB4AA897-EE05-428E-8215-00C8BD915DFF}.Release|Any CPU.Build.0 = Release|Any CPU
		{B6909839-98D9-4989-8B88-86F327D50734}.Debug|Any CPU.ActiveCfg = Debug|Any CPU
		{B6909839-98D9-4989-8B88-86F327D50734}.Debug|Any CPU.Build.0 = Debug|Any CPU
		{B6909839-98D9-4989-8B88-86F327D50734}.Release|Any CPU.ActiveCfg = Release|Any CPU
		{B6909839-98D9-4989-8B88-86F327D50734}.Release|Any CPU.Build.0 = Release|Any CPU
		{9D329836-DE5F-4191-BB87-F0803F50CF47}.Debug|Any CPU.ActiveCfg = Debug|Any CPU
		{9D329836-DE5F-4191-BB87-F0803F50CF47}.Debug|Any CPU.Build.0 = Debug|Any CPU
		{9D329836-DE5F-4191-BB87-F0803F50CF47}.Release|Any CPU.ActiveCfg = Release|Any CPU
		{9D329836-DE5F-4191-BB87-F0803F50CF47}.Release|Any CPU.Build.0 = Release|Any CPU
		{D7B8A2C0-7C03-49C3-8E05-57791DA8D9E2}.Debug|Any CPU.ActiveCfg = Debug|Any CPU
		{D7B8A2C0-7C03-49C3-8E05-57791DA8D9E2}.Debug|Any CPU.Build.0 = Debug|Any CPU
		{D7B8A2C0-7C03-49C3-8E05-57791DA8D9E2}.Release|Any CPU.ActiveCfg = Release|Any CPU
		{D7B8A2C0-7C03-49C3-8E05-57791DA8D9E2}.Release|Any CPU.Build.0 = Release|Any CPU
		{FB854756-1B16-4561-B07D-09E905268D5C}.Debug|Any CPU.ActiveCfg = Debug|Any CPU
		{FB854756-1B16-4561-B07D-09E905268D5C}.Debug|Any CPU.Build.0 = Debug|Any CPU
		{FB854756-1B16-4561-B07D-09E905268D5C}.Release|Any CPU.ActiveCfg = Release|Any CPU
		{FB854756-1B16-4561-B07D-09E905268D5C}.Release|Any CPU.Build.0 = Release|Any CPU
		{CF6AF25A-E3F6-4B06-8C93-2A15E6B29B38}.Debug|Any CPU.ActiveCfg = Debug|Any CPU
		{CF6AF25A-E3F6-4B06-8C93-2A15E6B29B38}.Debug|Any CPU.Build.0 = Debug|Any CPU
		{CF6AF25A-E3F6-4B06-8C93-2A15E6B29B38}.Release|Any CPU.ActiveCfg = Release|Any CPU
		{CF6AF25A-E3F6-4B06-8C93-2A15E6B29B38}.Release|Any CPU.Build.0 = Release|Any CPU
		{D441F3D1-789C-45E6-99AE-0B8305426284}.Debug|Any CPU.ActiveCfg = Debug|Any CPU
		{D441F3D1-789C-45E6-99AE-0B8305426284}.Debug|Any CPU.Build.0 = Debug|Any CPU
		{D441F3D1-789C-45E6-99AE-0B8305426284}.Release|Any CPU.ActiveCfg = Release|Any CPU
		{D441F3D1-789C-45E6-99AE-0B8305426284}.Release|Any CPU.Build.0 = Release|Any CPU
		{70488BB4-3EF9-4107-8B3F-3F57814FB395}.Debug|Any CPU.ActiveCfg = Debug|Any CPU
		{70488BB4-3EF9-4107-8B3F-3F57814FB395}.Debug|Any CPU.Build.0 = Debug|Any CPU
		{70488BB4-3EF9-4107-8B3F-3F57814FB395}.Release|Any CPU.ActiveCfg = Release|Any CPU
		{70488BB4-3EF9-4107-8B3F-3F57814FB395}.Release|Any CPU.Build.0 = Release|Any CPU
		{3EED7294-F055-47B1-B6F6-E8F7F388270C}.Debug|Any CPU.ActiveCfg = Debug|Any CPU
		{3EED7294-F055-47B1-B6F6-E8F7F388270C}.Debug|Any CPU.Build.0 = Debug|Any CPU
		{3EED7294-F055-47B1-B6F6-E8F7F388270C}.Release|Any CPU.ActiveCfg = Release|Any CPU
		{3EED7294-F055-47B1-B6F6-E8F7F388270C}.Release|Any CPU.Build.0 = Release|Any CPU
		{8F662062-3B24-4527-9EBF-3B80D52BCA5E}.Debug|Any CPU.ActiveCfg = Debug|Any CPU
		{8F662062-3B24-4527-9EBF-3B80D52BCA5E}.Debug|Any CPU.Build.0 = Debug|Any CPU
		{8F662062-3B24-4527-9EBF-3B80D52BCA5E}.Release|Any CPU.ActiveCfg = Release|Any CPU
		{8F662062-3B24-4527-9EBF-3B80D52BCA5E}.Release|Any CPU.Build.0 = Release|Any CPU
		{FF2347F0-0403-4ABB-9C68-F2B05D16B546}.Debug|Any CPU.ActiveCfg = Debug|Any CPU
		{FF2347F0-0403-4ABB-9C68-F2B05D16B546}.Debug|Any CPU.Build.0 = Debug|Any CPU
		{FF2347F0-0403-4ABB-9C68-F2B05D16B546}.Release|Any CPU.ActiveCfg = Release|Any CPU
		{FF2347F0-0403-4ABB-9C68-F2B05D16B546}.Release|Any CPU.Build.0 = Release|Any CPU
		{42F62591-92FD-4182-86C2-7FC4BDE0D7A6}.Debug|Any CPU.ActiveCfg = Debug|Any CPU
		{42F62591-92FD-4182-86C2-7FC4BDE0D7A6}.Debug|Any CPU.Build.0 = Debug|Any CPU
		{42F62591-92FD-4182-86C2-7FC4BDE0D7A6}.Release|Any CPU.ActiveCfg = Release|Any CPU
		{42F62591-92FD-4182-86C2-7FC4BDE0D7A6}.Release|Any CPU.Build.0 = Release|Any CPU
		{0B7ED9C9-E597-4644-8C59-4A84CA5F4B92}.Debug|Any CPU.ActiveCfg = Debug|Any CPU
		{0B7ED9C9-E597-4644-8C59-4A84CA5F4B92}.Debug|Any CPU.Build.0 = Debug|Any CPU
		{0B7ED9C9-E597-4644-8C59-4A84CA5F4B92}.Release|Any CPU.ActiveCfg = Release|Any CPU
		{0B7ED9C9-E597-4644-8C59-4A84CA5F4B92}.Release|Any CPU.Build.0 = Release|Any CPU
		{719672B8-4537-4E7A-BD5F-BC4E6E4C18B4}.Debug|Any CPU.ActiveCfg = Debug|Any CPU
		{719672B8-4537-4E7A-BD5F-BC4E6E4C18B4}.Debug|Any CPU.Build.0 = Debug|Any CPU
		{719672B8-4537-4E7A-BD5F-BC4E6E4C18B4}.Release|Any CPU.ActiveCfg = Release|Any CPU
		{719672B8-4537-4E7A-BD5F-BC4E6E4C18B4}.Release|Any CPU.Build.0 = Release|Any CPU
		{CFFCB1EA-3F0B-4ADE-B79E-3E955455DB4C}.Debug|Any CPU.ActiveCfg = Debug|Any CPU
		{CFFCB1EA-3F0B-4ADE-B79E-3E955455DB4C}.Debug|Any CPU.Build.0 = Debug|Any CPU
		{CFFCB1EA-3F0B-4ADE-B79E-3E955455DB4C}.Release|Any CPU.ActiveCfg = Release|Any CPU
		{CFFCB1EA-3F0B-4ADE-B79E-3E955455DB4C}.Release|Any CPU.Build.0 = Release|Any CPU
	EndGlobalSection
	GlobalSection(SolutionProperties) = preSolution
		HideSolutionNode = FALSE
	EndGlobalSection
	GlobalSection(NestedProjects) = preSolution
		{A57AEC77-040F-4F1A-BA30-90105D7A7EDA} = {459B2ABF-48D0-46D1-AF35-5EA23FBBC93C}
		{69D7A000-AF23-4A24-A4A2-C0675BD61007} = {459B2ABF-48D0-46D1-AF35-5EA23FBBC93C}
		{6E010997-8796-4A98-85CE-78B0F76459D9} = {459B2ABF-48D0-46D1-AF35-5EA23FBBC93C}
		{AB4AA897-EE05-428E-8215-00C8BD915DFF} = {8C75DF47-C4B9-457A-A920-01BEF9205471}
		{B6909839-98D9-4989-8B88-86F327D50734} = {8C75DF47-C4B9-457A-A920-01BEF9205471}
		{9D329836-DE5F-4191-BB87-F0803F50CF47} = {8C75DF47-C4B9-457A-A920-01BEF9205471}
		{D7B8A2C0-7C03-49C3-8E05-57791DA8D9E2} = {39C8D0CC-88C3-49D0-B9E9-FA09103D1D83}
		{FB854756-1B16-4561-B07D-09E905268D5C} = {39C8D0CC-88C3-49D0-B9E9-FA09103D1D83}
		{CF6AF25A-E3F6-4B06-8C93-2A15E6B29B38} = {39C8D0CC-88C3-49D0-B9E9-FA09103D1D83}
		{D441F3D1-789C-45E6-99AE-0B8305426284} = {85F46EED-DF2D-467E-B889-449402990164}
		{70488BB4-3EF9-4107-8B3F-3F57814FB395} = {85F46EED-DF2D-467E-B889-449402990164}
		{3EED7294-F055-47B1-B6F6-E8F7F388270C} = {85F46EED-DF2D-467E-B889-449402990164}
		{8F662062-3B24-4527-9EBF-3B80D52BCA5E} = {E541DA92-776A-40AF-8091-150464A34B96}
		{FF2347F0-0403-4ABB-9C68-F2B05D16B546} = {E541DA92-776A-40AF-8091-150464A34B96}
		{42F62591-92FD-4182-86C2-7FC4BDE0D7A6} = {E541DA92-776A-40AF-8091-150464A34B96}
		{0B7ED9C9-E597-4644-8C59-4A84CA5F4B92} = {AEB3BCE5-F3C3-4D49-9952-6ADA0BAAD395}
		{719672B8-4537-4E7A-BD5F-BC4E6E4C18B4} = {AEB3BCE5-F3C3-4D49-9952-6ADA0BAAD395}
		{CFFCB1EA-3F0B-4ADE-B79E-3E955455DB4C} = {AEB3BCE5-F3C3-4D49-9952-6ADA0BAAD395}
	EndGlobalSection
	GlobalSection(ExtensibilityGlobals) = postSolution
		SolutionGuid = {04F72D3D-C32C-4BE8-A970-047FFBBDE029}
	EndGlobalSection
EndGlobal
